
Microsoft Visual Studio Solution File, Format Version 12.00
# Visual Studio 15
VisualStudioVersion = 15.0.27004.2005
MinimumVisualStudioVersion = 10.0.40219.1
Project("{FAE04EC0-301F-11D3-BF4B-00C04F79EFBC}") = "Simple-Image-Gallery", "Simple-Image-Gallery\Simple-Image-Gallery.csproj", "{CF53A4D3-88F7-45C5-9644-B3A546CE1EAE}"
EndProject
Global
	GlobalSection(SolutionConfigurationPlatforms) = preSolution
		Debug|Any CPU = Debug|Any CPU
		Release|Any CPU = Release|Any CPU
	EndGlobalSection
	GlobalSection(ProjectConfigurationPlatforms) = postSolution
		{CF53A4D3-88F7-45C5-9644-B3A546CE1EAE}.Debug|Any CPU.ActiveCfg = Debug|Any CPU
		{CF53A4D3-88F7-45C5-9644-B3A546CE1EAE}.Debug|Any CPU.Build.0 = Debug|Any CPU
		{CF53A4D3-88F7-45C5-9644-B3A546CE1EAE}.Release|Any CPU.ActiveCfg = Release|Any CPU
		{CF53A4D3-88F7-45C5-9644-B3A546CE1EAE}.Release|Any CPU.Build.0 = Release|Any CPU
	EndGlobalSection
	GlobalSection(SolutionProperties) = preSolution
		HideSolutionNode = FALSE
	EndGlobalSection
	GlobalSection(ExtensibilityGlobals) = postSolution
		SolutionGuid = {25C062EF-5A08-44EC-B539-D0A97761D8EA}
	EndGlobalSection
EndGlobal
