
Microsoft Visual Studio Solution File, Format Version 12.00
# Visual Studio 15
VisualStudioVersion = 15.0.27004.2005
MinimumVisualStudioVersion = 10.0.40219.1
Project("{FAE04EC0-301F-11D3-BF4B-00C04F79EFBC}") = "SimpleImageGallery", "SimpleImageGallery\SimpleImageGallery.csproj", "{4EE1E018-93F6-4B46-8BA6-A770AF3AC1E2}"
EndProject
Project("{FAE04EC0-301F-11D3-BF4B-00C04F79EFBC}") = "SimpleImageGallery.Data", "SimpleImageGallery.Data\SimpleImageGallery.Data.csproj", "{CF65A0ED-78D4-408C-B836-6F6955FEF716}"
EndProject
Global
	GlobalSection(SolutionConfigurationPlatforms) = preSolution
		Debug|Any CPU = Debug|Any CPU
		Release|Any CPU = Release|Any CPU
	EndGlobalSection
	GlobalSection(ProjectConfigurationPlatforms) = postSolution
		{4EE1E018-93F6-4B46-8BA6-A770AF3AC1E2}.Debug|Any CPU.ActiveCfg = Debug|Any CPU
		{4EE1E018-93F6-4B46-8BA6-A770AF3AC1E2}.Debug|Any CPU.Build.0 = Debug|Any CPU
		{4EE1E018-93F6-4B46-8BA6-A770AF3AC1E2}.Release|Any CPU.ActiveCfg = Release|Any CPU
		{4EE1E018-93F6-4B46-8BA6-A770AF3AC1E2}.Release|Any CPU.Build.0 = Release|Any CPU
		{CF65A0ED-78D4-408C-B836-6F6955FEF716}.Debug|Any CPU.ActiveCfg = Debug|Any CPU
		{CF65A0ED-78D4-408C-B836-6F6955FEF716}.Debug|Any CPU.Build.0 = Debug|Any CPU
		{CF65A0ED-78D4-408C-B836-6F6955FEF716}.Release|Any CPU.ActiveCfg = Release|Any CPU
		{CF65A0ED-78D4-408C-B836-6F6955FEF716}.Release|Any CPU.Build.0 = Release|Any CPU
	EndGlobalSection
	GlobalSection(SolutionProperties) = preSolution
		HideSolutionNode = FALSE
	EndGlobalSection
	GlobalSection(ExtensibilityGlobals) = postSolution
		SolutionGuid = {18E422DA-D78B-4B1D-8FD5-12180B7B5254}
	EndGlobalSection
EndGlobal
